
Microsoft Visual Studio Solution File, Format Version 12.00
# Visual Studio Version 17
VisualStudioVersion = 17.5.002.0
MinimumVisualStudioVersion = 10.0.40219.1
Project("{9A19103F-16F7-4668-BE54-9A1E7A4F7556}") = "OptionsPattern", "OptionsPattern.csproj", "{C1FD6720-F057-43FA-9BD1-4E01B655EB1A}"
EndProject
Global
	GlobalSection(SolutionConfigurationPlatforms) = preSolution
		Debug|Any CPU = Debug|Any CPU
		Release|Any CPU = Release|Any CPU
	EndGlobalSection
	GlobalSection(ProjectConfigurationPlatforms) = postSolution
		{C1FD6720-F057-43FA-9BD1-4E01B655EB1A}.Debug|Any CPU.ActiveCfg = Debug|Any CPU
		{C1FD6720-F057-43FA-9BD1-4E01B655EB1A}.Debug|Any CPU.Build.0 = Debug|Any CPU
		{C1FD6720-F057-43FA-9BD1-4E01B655EB1A}.Release|Any CPU.ActiveCfg = Release|Any CPU
		{C1FD6720-F057-43FA-9BD1-4E01B655EB1A}.Release|Any CPU.Build.0 = Release|Any CPU
	EndGlobalSection
	GlobalSection(SolutionProperties) = preSolution
		HideSolutionNode = FALSE
	EndGlobalSection
	GlobalSection(ExtensibilityGlobals) = postSolution
		SolutionGuid = {6EDEB1F1-B190-4D7B-958F-B4D39E98CEC5}
	EndGlobalSection
EndGlobal
